
Microsoft Visual Studio Solution File, Format Version 12.00
Project("{FAE04EC0-301F-11D3-BF4B-00C04F79EFBC}") = "SOLID_homework", "SOLID_homework\SOLID_homework.csproj", "{371430E4-2859-4F2D-B1BB-4249A11F510D}"
EndProject
Global
	GlobalSection(SolutionConfigurationPlatforms) = preSolution
		Debug|Any CPU = Debug|Any CPU
		Release|Any CPU = Release|Any CPU
	EndGlobalSection
	GlobalSection(ProjectConfigurationPlatforms) = postSolution
		{371430E4-2859-4F2D-B1BB-4249A11F510D}.Debug|Any CPU.ActiveCfg = Debug|Any CPU
		{371430E4-2859-4F2D-B1BB-4249A11F510D}.Debug|Any CPU.Build.0 = Debug|Any CPU
		{371430E4-2859-4F2D-B1BB-4249A11F510D}.Release|Any CPU.ActiveCfg = Release|Any CPU
		{371430E4-2859-4F2D-B1BB-4249A11F510D}.Release|Any CPU.Build.0 = Release|Any CPU
	EndGlobalSection
EndGlobal
